
Microsoft Visual Studio Solution File, Format Version 12.00
Project("{FAE04EC0-301F-11D3-BF4B-00C04F79EFBC}") = "fizz-buzz-csharp", "fizz-buzz-csharp.csproj", "{9B978779-0FFD-49FF-9992-0C6A409232FD}"
EndProject
Global
	GlobalSection(SolutionConfigurationPlatforms) = preSolution
		Debug|Any CPU = Debug|Any CPU
		Release|Any CPU = Release|Any CPU
	EndGlobalSection
	GlobalSection(ProjectConfigurationPlatforms) = postSolution
		{9B978779-0FFD-49FF-9992-0C6A409232FD}.Debug|Any CPU.ActiveCfg = Debug|Any CPU
		{9B978779-0FFD-49FF-9992-0C6A409232FD}.Debug|Any CPU.Build.0 = Debug|Any CPU
		{9B978779-0FFD-49FF-9992-0C6A409232FD}.Release|Any CPU.ActiveCfg = Release|Any CPU
		{9B978779-0FFD-49FF-9992-0C6A409232FD}.Release|Any CPU.Build.0 = Release|Any CPU
	EndGlobalSection
EndGlobal
